
Microsoft Visual Studio Solution File, Format Version 12.00
# Visual Studio Version 16
VisualStudioVersion = 16.0.30517.126
MinimumVisualStudioVersion = 10.0.40219.1
Project("{FAE04EC0-301F-11D3-BF4B-00C04F79EFBC}") = "OOPCar", "OOPCar\OOPCar.csproj", "{1550C4E0-EC62-4D17-B5CD-5F1D795403FC}"
EndProject
Project("{FAE04EC0-301F-11D3-BF4B-00C04F79EFBC}") = "ObjectsFromFile", "ObjectsFromFile\ObjectsFromFile.csproj", "{7192296F-79BE-42A8-94A6-AC2776030658}"
EndProject
Global
	GlobalSection(SolutionConfigurationPlatforms) = preSolution
		Debug|Any CPU = Debug|Any CPU
		Release|Any CPU = Release|Any CPU
	EndGlobalSection
	GlobalSection(ProjectConfigurationPlatforms) = postSolution
		{1550C4E0-EC62-4D17-B5CD-5F1D795403FC}.Debug|Any CPU.ActiveCfg = Debug|Any CPU
		{1550C4E0-EC62-4D17-B5CD-5F1D795403FC}.Debug|Any CPU.Build.0 = Debug|Any CPU
		{1550C4E0-EC62-4D17-B5CD-5F1D795403FC}.Release|Any CPU.ActiveCfg = Release|Any CPU
		{1550C4E0-EC62-4D17-B5CD-5F1D795403FC}.Release|Any CPU.Build.0 = Release|Any CPU
		{7192296F-79BE-42A8-94A6-AC2776030658}.Debug|Any CPU.ActiveCfg = Debug|Any CPU
		{7192296F-79BE-42A8-94A6-AC2776030658}.Debug|Any CPU.Build.0 = Debug|Any CPU
		{7192296F-79BE-42A8-94A6-AC2776030658}.Release|Any CPU.ActiveCfg = Release|Any CPU
		{7192296F-79BE-42A8-94A6-AC2776030658}.Release|Any CPU.Build.0 = Release|Any CPU
	EndGlobalSection
	GlobalSection(SolutionProperties) = preSolution
		HideSolutionNode = FALSE
	EndGlobalSection
	GlobalSection(ExtensibilityGlobals) = postSolution
		SolutionGuid = {8E3328B8-5A12-44C9-98E2-39AF9C4733A2}
	EndGlobalSection
EndGlobal
